
Microsoft Visual Studio Solution File, Format Version 12.00
# Visual Studio 15
VisualStudioVersion = 15.0.28307.1267
MinimumVisualStudioVersion = 10.0.40219.1
Project("{FAE04EC0-301F-11D3-BF4B-00C04F79EFBC}") = "RentalKendaraan", "RentalKendaraan\RentalKendaraan.csproj", "{4DF48B93-8D0E-4084-BA9F-A5AA3D78EF32}"
EndProject
Global
	GlobalSection(SolutionConfigurationPlatforms) = preSolution
		Debug|Any CPU = Debug|Any CPU
		Release|Any CPU = Release|Any CPU
	EndGlobalSection
	GlobalSection(ProjectConfigurationPlatforms) = postSolution
		{4DF48B93-8D0E-4084-BA9F-A5AA3D78EF32}.Debug|Any CPU.ActiveCfg = Debug|Any CPU
		{4DF48B93-8D0E-4084-BA9F-A5AA3D78EF32}.Debug|Any CPU.Build.0 = Debug|Any CPU
		{4DF48B93-8D0E-4084-BA9F-A5AA3D78EF32}.Release|Any CPU.ActiveCfg = Release|Any CPU
		{4DF48B93-8D0E-4084-BA9F-A5AA3D78EF32}.Release|Any CPU.Build.0 = Release|Any CPU
	EndGlobalSection
	GlobalSection(SolutionProperties) = preSolution
		HideSolutionNode = FALSE
	EndGlobalSection
	GlobalSection(ExtensibilityGlobals) = postSolution
		SolutionGuid = {ECEFDC07-A5CA-44D4-B598-C9E38EA10892}
	EndGlobalSection
EndGlobal
